
Microsoft Visual Studio Solution File, Format Version 12.00
# Visual Studio 14
VisualStudioVersion = 14.0.25420.1
MinimumVisualStudioVersion = 10.0.40219.1
Project("{FAE04EC0-301F-11D3-BF4B-00C04F79EFBC}") = "eRestaurantSystem", "eRestaurantSystem\eRestaurantSystem.csproj", "{2945E9E5-8BDE-48F9-8CDD-3D2860709963}"
EndProject
Project("{FAE04EC0-301F-11D3-BF4B-00C04F79EFBC}") = "eRestaurantSystem.data", "eRestaurantSystem.data\eRestaurantSystem.data.csproj", "{BAC15728-E2BD-468E-85AE-8196337C4551}"
EndProject
Project("{E24C65DC-7377-472B-9ABA-BC803B73C61A}") = "Website", "Website\", "{CBBBFC48-4002-48BB-AFF8-5A2883528E5F}"
	ProjectSection(WebsiteProperties) = preProject
		TargetFrameworkMoniker = ".NETFramework,Version%3Dv4.5.2"
		Debug.AspNetCompiler.VirtualPath = "/localhost_6571"
		Debug.AspNetCompiler.PhysicalPath = "Website\"
		Debug.AspNetCompiler.TargetPath = "PrecompiledWeb\localhost_6571\"
		Debug.AspNetCompiler.Updateable = "true"
		Debug.AspNetCompiler.ForceOverwrite = "true"
		Debug.AspNetCompiler.FixedNames = "false"
		Debug.AspNetCompiler.Debug = "True"
		Release.AspNetCompiler.VirtualPath = "/localhost_6571"
		Release.AspNetCompiler.PhysicalPath = "Website\"
		Release.AspNetCompiler.TargetPath = "PrecompiledWeb\localhost_6571\"
		Release.AspNetCompiler.Updateable = "true"
		Release.AspNetCompiler.ForceOverwrite = "true"
		Release.AspNetCompiler.FixedNames = "false"
		Release.AspNetCompiler.Debug = "False"
		VWDPort = "6571"
		SlnRelativePath = "Website\"
		DefaultWebSiteLanguage = "Visual C#"
	EndProjectSection
EndProject
Global
	GlobalSection(SolutionConfigurationPlatforms) = preSolution
		Debug|Any CPU = Debug|Any CPU
		Release|Any CPU = Release|Any CPU
	EndGlobalSection
	GlobalSection(ProjectConfigurationPlatforms) = postSolution
		{2945E9E5-8BDE-48F9-8CDD-3D2860709963}.Debug|Any CPU.ActiveCfg = Debug|Any CPU
		{2945E9E5-8BDE-48F9-8CDD-3D2860709963}.Debug|Any CPU.Build.0 = Debug|Any CPU
		{2945E9E5-8BDE-48F9-8CDD-3D2860709963}.Release|Any CPU.ActiveCfg = Release|Any CPU
		{2945E9E5-8BDE-48F9-8CDD-3D2860709963}.Release|Any CPU.Build.0 = Release|Any CPU
		{BAC15728-E2BD-468E-85AE-8196337C4551}.Debug|Any CPU.ActiveCfg = Debug|Any CPU
		{BAC15728-E2BD-468E-85AE-8196337C4551}.Debug|Any CPU.Build.0 = Debug|Any CPU
		{BAC15728-E2BD-468E-85AE-8196337C4551}.Release|Any CPU.ActiveCfg = Release|Any CPU
		{BAC15728-E2BD-468E-85AE-8196337C4551}.Release|Any CPU.Build.0 = Release|Any CPU
		{CBBBFC48-4002-48BB-AFF8-5A2883528E5F}.Debug|Any CPU.ActiveCfg = Debug|Any CPU
		{CBBBFC48-4002-48BB-AFF8-5A2883528E5F}.Debug|Any CPU.Build.0 = Debug|Any CPU
		{CBBBFC48-4002-48BB-AFF8-5A2883528E5F}.Release|Any CPU.ActiveCfg = Debug|Any CPU
		{CBBBFC48-4002-48BB-AFF8-5A2883528E5F}.Release|Any CPU.Build.0 = Debug|Any CPU
	EndGlobalSection
	GlobalSection(SolutionProperties) = preSolution
		HideSolutionNode = FALSE
	EndGlobalSection
EndGlobal
